// !$*UTF8*$!
{
	archiveVersion = 1;
	classes = {
	};
	objectVersion = 56;
	objects = {

/* Begin PBXBuildFile section */
		E20759E62A004C5600B66FD5 /* ProfileScreenView.swift in Sources */ = {isa = PBXBuildFile; fileRef = E20759E52A004C5600B66FD5 /* ProfileScreenView.swift */; };
		E20759EA2A004C7C00B66FD5 /* ProfileScreenViewModel.swift in Sources */ = {isa = PBXBuildFile; fileRef = E20759E92A004C7C00B66FD5 /* ProfileScreenViewModel.swift */; };
		E20759EC2A004CA100B66FD5 /* LandingScreenView.swift in Sources */ = {isa = PBXBuildFile; fileRef = E20759EB2A004CA100B66FD5 /* LandingScreenView.swift */; };
		E20759EE2A004CB300B66FD5 /* LandingScreenViewModel.swift in Sources */ = {isa = PBXBuildFile; fileRef = E20759ED2A004CB300B66FD5 /* LandingScreenViewModel.swift */; };
		E20759F22A004FDE00B66FD5 /* HomeScreenViewModel.swift in Sources */ = {isa = PBXBuildFile; fileRef = E20759F12A004FDE00B66FD5 /* HomeScreenViewModel.swift */; };
		E20759F42A004FED00B66FD5 /* HomeScreenView.swift in Sources */ = {isa = PBXBuildFile; fileRef = E20759F32A004FED00B66FD5 /* HomeScreenView.swift */; };
		E20759F92A0051DA00B66FD5 /* RoundedButtonView.swift in Sources */ = {isa = PBXBuildFile; fileRef = E20759F82A0051DA00B66FD5 /* RoundedButtonView.swift */; };
		E240F01129E7AA47007FC96C /* StudySwiftApp.swift in Sources */ = {isa = PBXBuildFile; fileRef = E240F01029E7AA47007FC96C /* StudySwiftApp.swift */; };
		E240F01329E7AA47007FC96C /* ContentView.swift in Sources */ = {isa = PBXBuildFile; fileRef = E240F01229E7AA47007FC96C /* ContentView.swift */; };
		E240F01529E7AA49007FC96C /* Assets.xcassets in Resources */ = {isa = PBXBuildFile; fileRef = E240F01429E7AA49007FC96C /* Assets.xcassets */; };
		E240F01929E7AA49007FC96C /* Preview Assets.xcassets in Resources */ = {isa = PBXBuildFile; fileRef = E240F01829E7AA49007FC96C /* Preview Assets.xcassets */; };
		E240F02329E7AA49007FC96C /* StudySwiftTests.swift in Sources */ = {isa = PBXBuildFile; fileRef = E240F02229E7AA49007FC96C /* StudySwiftTests.swift */; };
		E240F02D29E7AA49007FC96C /* StudySwiftUITests.swift in Sources */ = {isa = PBXBuildFile; fileRef = E240F02C29E7AA49007FC96C /* StudySwiftUITests.swift */; };
		E240F02F29E7AA49007FC96C /* StudySwiftUITestsLaunchTests.swift in Sources */ = {isa = PBXBuildFile; fileRef = E240F02E29E7AA49007FC96C /* StudySwiftUITestsLaunchTests.swift */; };
		E29D202829FDB92000E67F2C /* LoginScreenView.swift in Sources */ = {isa = PBXBuildFile; fileRef = E29D202729FDB92000E67F2C /* LoginScreenView.swift */; };
		E29D202C29FDBB6400E67F2C /* LoginScreenViewModel.swift in Sources */ = {isa = PBXBuildFile; fileRef = E29D202B29FDBB6400E67F2C /* LoginScreenViewModel.swift */; };
		E29D203029FDED5700E67F2C /* ResetPasswordScreenView.swift in Sources */ = {isa = PBXBuildFile; fileRef = E29D202F29FDED5700E67F2C /* ResetPasswordScreenView.swift */; };
		E29D203229FDED8400E67F2C /* ResetPasswordScreenViewModel.swift in Sources */ = {isa = PBXBuildFile; fileRef = E29D203129FDED8400E67F2C /* ResetPasswordScreenViewModel.swift */; };
		E2B26F9B29F84EE700B7D984 /* SignupScreenView.swift in Sources */ = {isa = PBXBuildFile; fileRef = E2B26F9A29F84EE700B7D984 /* SignupScreenView.swift */; };
		E2B26F9D29F84EF300B7D984 /* SignupScreenViewModel.swift in Sources */ = {isa = PBXBuildFile; fileRef = E2B26F9C29F84EF300B7D984 /* SignupScreenViewModel.swift */; };
		F5184E652A0D1EB5007008CA /* DataStoreModel.swift in Sources */ = {isa = PBXBuildFile; fileRef = F5184E642A0D1EB5007008CA /* DataStoreModel.swift */; };
		F5CFFB1A2A0841C400929542 /* GoogleService-Info.plist in Resources */ = {isa = PBXBuildFile; fileRef = F5CFFB192A0841C400929542 /* GoogleService-Info.plist */; };
		F5CFFB1B2A0841C400929542 /* GoogleService-Info.plist in Resources */ = {isa = PBXBuildFile; fileRef = F5CFFB192A0841C400929542 /* GoogleService-Info.plist */; };
		F5CFFB1C2A0841C400929542 /* GoogleService-Info.plist in Resources */ = {isa = PBXBuildFile; fileRef = F5CFFB192A0841C400929542 /* GoogleService-Info.plist */; };
		F5CFFB1F2A08469900929542 /* FirebaseAuth in Frameworks */ = {isa = PBXBuildFile; productRef = F5CFFB1E2A08469900929542 /* FirebaseAuth */; };
		F5CFFB212A08469900929542 /* FirebaseFirestore in Frameworks */ = {isa = PBXBuildFile; productRef = F5CFFB202A08469900929542 /* FirebaseFirestore */; };
		F5CFFB232A08469900929542 /* FirebaseFunctions in Frameworks */ = {isa = PBXBuildFile; productRef = F5CFFB222A08469900929542 /* FirebaseFunctions */; };
		F5CFFB252A0857F200929542 /* AuthViewModel.swift in Sources */ = {isa = PBXBuildFile; fileRef = F5CFFB242A0857F200929542 /* AuthViewModel.swift */; };
		F5CFFB262A0857F200929542 /* AuthViewModel.swift in Sources */ = {isa = PBXBuildFile; fileRef = F5CFFB242A0857F200929542 /* AuthViewModel.swift */; };
		F5CFFB272A0857F200929542 /* AuthViewModel.swift in Sources */ = {isa = PBXBuildFile; fileRef = F5CFFB242A0857F200929542 /* AuthViewModel.swift */; };
		E2FBEAE72A0F22F100C9AE88 /* FlashcardCardView.swift in Sources */ = {isa = PBXBuildFile; fileRef = E2FBEAE62A0F22F100C9AE88 /* FlashcardCardView.swift */; };
		E2FBEAE92A0F23C300C9AE88 /* AddFlashcardScreenView.swift in Sources */ = {isa = PBXBuildFile; fileRef = E2FBEAE82A0F23C300C9AE88 /* AddFlashcardScreenView.swift */; };
		E2FBEAEB2A0F240000C9AE88 /* AddFlashcardViewModel.swift in Sources */ = {isa = PBXBuildFile; fileRef = E2FBEAEA2A0F240000C9AE88 /* AddFlashcardViewModel.swift */; };
		E2FBEAEE2A0F2B8100C9AE88 /* FlashcardScreenView.swift in Sources */ = {isa = PBXBuildFile; fileRef = E2FBEAED2A0F2B8100C9AE88 /* FlashcardScreenView.swift */; };
		E2FBEAF02A0F2C1500C9AE88 /* FlashcardScreenViewModel.swift in Sources */ = {isa = PBXBuildFile; fileRef = E2FBEAEF2A0F2C1500C9AE88 /* FlashcardScreenViewModel.swift */; };
/* End PBXBuildFile section */

/* Begin PBXContainerItemProxy section */
		E240F01F29E7AA49007FC96C /* PBXContainerItemProxy */ = {
			isa = PBXContainerItemProxy;
			containerPortal = E240F00529E7AA47007FC96C /* Project object */;
			proxyType = 1;
			remoteGlobalIDString = E240F00C29E7AA47007FC96C;
			remoteInfo = StudySwift;
		};
		E240F02929E7AA49007FC96C /* PBXContainerItemProxy */ = {
			isa = PBXContainerItemProxy;
			containerPortal = E240F00529E7AA47007FC96C /* Project object */;
			proxyType = 1;
			remoteGlobalIDString = E240F00C29E7AA47007FC96C;
			remoteInfo = StudySwift;
		};
/* End PBXContainerItemProxy section */

/* Begin PBXFileReference section */
		E20759E52A004C5600B66FD5 /* ProfileScreenView.swift */ = {isa = PBXFileReference; lastKnownFileType = sourcecode.swift; path = ProfileScreenView.swift; sourceTree = "<group>"; };
		E20759E92A004C7C00B66FD5 /* ProfileScreenViewModel.swift */ = {isa = PBXFileReference; lastKnownFileType = sourcecode.swift; path = ProfileScreenViewModel.swift; sourceTree = "<group>"; };
		E20759EB2A004CA100B66FD5 /* LandingScreenView.swift */ = {isa = PBXFileReference; lastKnownFileType = sourcecode.swift; path = LandingScreenView.swift; sourceTree = "<group>"; };
		E20759ED2A004CB300B66FD5 /* LandingScreenViewModel.swift */ = {isa = PBXFileReference; lastKnownFileType = sourcecode.swift; path = LandingScreenViewModel.swift; sourceTree = "<group>"; };
		E20759F12A004FDE00B66FD5 /* HomeScreenViewModel.swift */ = {isa = PBXFileReference; lastKnownFileType = sourcecode.swift; path = HomeScreenViewModel.swift; sourceTree = "<group>"; };
		E20759F32A004FED00B66FD5 /* HomeScreenView.swift */ = {isa = PBXFileReference; lastKnownFileType = sourcecode.swift; path = HomeScreenView.swift; sourceTree = "<group>"; };
		E20759F82A0051DA00B66FD5 /* RoundedButtonView.swift */ = {isa = PBXFileReference; lastKnownFileType = sourcecode.swift; path = RoundedButtonView.swift; sourceTree = "<group>"; };
		E240F00D29E7AA47007FC96C /* StudySwift.app */ = {isa = PBXFileReference; explicitFileType = wrapper.application; includeInIndex = 0; path = StudySwift.app; sourceTree = BUILT_PRODUCTS_DIR; };
		E240F01029E7AA47007FC96C /* StudySwiftApp.swift */ = {isa = PBXFileReference; lastKnownFileType = sourcecode.swift; path = StudySwiftApp.swift; sourceTree = "<group>"; };
		E240F01229E7AA47007FC96C /* ContentView.swift */ = {isa = PBXFileReference; lastKnownFileType = sourcecode.swift; path = ContentView.swift; sourceTree = "<group>"; };
		E240F01429E7AA49007FC96C /* Assets.xcassets */ = {isa = PBXFileReference; lastKnownFileType = folder.assetcatalog; path = Assets.xcassets; sourceTree = "<group>"; };
		E240F01629E7AA49007FC96C /* StudySwift.entitlements */ = {isa = PBXFileReference; lastKnownFileType = text.plist.entitlements; path = StudySwift.entitlements; sourceTree = "<group>"; };
		E240F01829E7AA49007FC96C /* Preview Assets.xcassets */ = {isa = PBXFileReference; lastKnownFileType = folder.assetcatalog; path = "Preview Assets.xcassets"; sourceTree = "<group>"; };
		E240F01E29E7AA49007FC96C /* StudySwiftTests.xctest */ = {isa = PBXFileReference; explicitFileType = wrapper.cfbundle; includeInIndex = 0; path = StudySwiftTests.xctest; sourceTree = BUILT_PRODUCTS_DIR; };
		E240F02229E7AA49007FC96C /* StudySwiftTests.swift */ = {isa = PBXFileReference; lastKnownFileType = sourcecode.swift; path = StudySwiftTests.swift; sourceTree = "<group>"; };
		E240F02829E7AA49007FC96C /* StudySwiftUITests.xctest */ = {isa = PBXFileReference; explicitFileType = wrapper.cfbundle; includeInIndex = 0; path = StudySwiftUITests.xctest; sourceTree = BUILT_PRODUCTS_DIR; };
		E240F02C29E7AA49007FC96C /* StudySwiftUITests.swift */ = {isa = PBXFileReference; lastKnownFileType = sourcecode.swift; path = StudySwiftUITests.swift; sourceTree = "<group>"; };
		E240F02E29E7AA49007FC96C /* StudySwiftUITestsLaunchTests.swift */ = {isa = PBXFileReference; lastKnownFileType = sourcecode.swift; path = StudySwiftUITestsLaunchTests.swift; sourceTree = "<group>"; };
		E29D202729FDB92000E67F2C /* LoginScreenView.swift */ = {isa = PBXFileReference; lastKnownFileType = sourcecode.swift; path = LoginScreenView.swift; sourceTree = "<group>"; };
		E29D202B29FDBB6400E67F2C /* LoginScreenViewModel.swift */ = {isa = PBXFileReference; lastKnownFileType = sourcecode.swift; path = LoginScreenViewModel.swift; sourceTree = "<group>"; };
		E29D202F29FDED5700E67F2C /* ResetPasswordScreenView.swift */ = {isa = PBXFileReference; lastKnownFileType = sourcecode.swift; path = ResetPasswordScreenView.swift; sourceTree = "<group>"; };
		E29D203129FDED8400E67F2C /* ResetPasswordScreenViewModel.swift */ = {isa = PBXFileReference; lastKnownFileType = sourcecode.swift; path = ResetPasswordScreenViewModel.swift; sourceTree = "<group>"; };
		E2B26F9A29F84EE700B7D984 /* SignupScreenView.swift */ = {isa = PBXFileReference; lastKnownFileType = sourcecode.swift; path = SignupScreenView.swift; sourceTree = "<group>"; };
		E2B26F9C29F84EF300B7D984 /* SignupScreenViewModel.swift */ = {isa = PBXFileReference; lastKnownFileType = sourcecode.swift; path = SignupScreenViewModel.swift; sourceTree = "<group>"; };
		F5184E642A0D1EB5007008CA /* DataStoreModel.swift */ = {isa = PBXFileReference; lastKnownFileType = sourcecode.swift; path = DataStoreModel.swift; sourceTree = "<group>"; };
		F5CFFB192A0841C400929542 /* GoogleService-Info.plist */ = {isa = PBXFileReference; fileEncoding = 4; lastKnownFileType = text.plist.xml; name = "GoogleService-Info.plist"; path = "../../../Downloads/GoogleService-Info.plist"; sourceTree = "<group>"; };
		F5CFFB242A0857F200929542 /* AuthViewModel.swift */ = {isa = PBXFileReference; lastKnownFileType = sourcecode.swift; path = AuthViewModel.swift; sourceTree = "<group>"; };
		E2FBEAE62A0F22F100C9AE88 /* FlashcardCardView.swift */ = {isa = PBXFileReference; lastKnownFileType = sourcecode.swift; path = FlashcardCardView.swift; sourceTree = "<group>"; };
		E2FBEAE82A0F23C300C9AE88 /* AddFlashcardScreenView.swift */ = {isa = PBXFileReference; lastKnownFileType = sourcecode.swift; path = AddFlashcardScreenView.swift; sourceTree = "<group>"; };
		E2FBEAEA2A0F240000C9AE88 /* AddFlashcardViewModel.swift */ = {isa = PBXFileReference; lastKnownFileType = sourcecode.swift; path = AddFlashcardViewModel.swift; sourceTree = "<group>"; };
		E2FBEAED2A0F2B8100C9AE88 /* FlashcardScreenView.swift */ = {isa = PBXFileReference; lastKnownFileType = sourcecode.swift; path = FlashcardScreenView.swift; sourceTree = "<group>"; };
		E2FBEAEF2A0F2C1500C9AE88 /* FlashcardScreenViewModel.swift */ = {isa = PBXFileReference; lastKnownFileType = sourcecode.swift; path = FlashcardScreenViewModel.swift; sourceTree = "<group>"; };
/* End PBXFileReference section */

/* Begin PBXFrameworksBuildPhase section */
		E240F00A29E7AA47007FC96C /* Frameworks */ = {
			isa = PBXFrameworksBuildPhase;
			buildActionMask = 2147483647;
			files = (
				F5CFFB232A08469900929542 /* FirebaseFunctions in Frameworks */,
				F5CFFB1F2A08469900929542 /* FirebaseAuth in Frameworks */,
				F5CFFB212A08469900929542 /* FirebaseFirestore in Frameworks */,
			);
			runOnlyForDeploymentPostprocessing = 0;
		};
		E240F01B29E7AA49007FC96C /* Frameworks */ = {
			isa = PBXFrameworksBuildPhase;
			buildActionMask = 2147483647;
			files = (
			);
			runOnlyForDeploymentPostprocessing = 0;
		};
		E240F02529E7AA49007FC96C /* Frameworks */ = {
			isa = PBXFrameworksBuildPhase;
			buildActionMask = 2147483647;
			files = (
			);
			runOnlyForDeploymentPostprocessing = 0;
		};
/* End PBXFrameworksBuildPhase section */

/* Begin PBXGroup section */
		E20759EF2A004CBB00B66FD5 /* Profile Screen */ = {
			isa = PBXGroup;
			children = (
				E20759E52A004C5600B66FD5 /* ProfileScreenView.swift */,
				E20759E92A004C7C00B66FD5 /* ProfileScreenViewModel.swift */,
			);
			path = "Profile Screen";
			sourceTree = "<group>";
		};
		E20759F02A004CC200B66FD5 /* Landing Screen */ = {
			isa = PBXGroup;
			children = (
				E2FBEAF12A0F326A00C9AE88 /* Flashcard Screen */,
				E2FBEAEC2A0F2B5100C9AE88 /* AddFlashcardScreen */,
				E20759F72A0051B200B66FD5 /* Home Screen */,
				E20759EF2A004CBB00B66FD5 /* Profile Screen */,
				E20759EB2A004CA100B66FD5 /* LandingScreenView.swift */,
				E20759ED2A004CB300B66FD5 /* LandingScreenViewModel.swift */,
			);
			path = "Landing Screen";
			sourceTree = "<group>";
		};
		E20759F72A0051B200B66FD5 /* Home Screen */ = {
			isa = PBXGroup;
			children = (
				E20759F12A004FDE00B66FD5 /* HomeScreenViewModel.swift */,
				E20759F32A004FED00B66FD5 /* HomeScreenView.swift */,
			);
			path = "Home Screen";
			sourceTree = "<group>";
		};
		E20759FA2A0051EB00B66FD5 /* Customized Views */ = {
			isa = PBXGroup;
			children = (
				E20759F82A0051DA00B66FD5 /* RoundedButtonView.swift */,
				E2FBEAE62A0F22F100C9AE88 /* FlashcardCardView.swift */,
			);
			path = "Customized Views";
			sourceTree = "<group>";
		};
		E240F00429E7AA47007FC96C = {
			isa = PBXGroup;
			children = (
				F5CFFB192A0841C400929542 /* GoogleService-Info.plist */,
				E240F00F29E7AA47007FC96C /* StudySwift */,
				E240F02129E7AA49007FC96C /* StudySwiftTests */,
				E240F02B29E7AA49007FC96C /* StudySwiftUITests */,
				E240F00E29E7AA47007FC96C /* Products */,
			);
			sourceTree = "<group>";
		};
		E240F00E29E7AA47007FC96C /* Products */ = {
			isa = PBXGroup;
			children = (
				E240F00D29E7AA47007FC96C /* StudySwift.app */,
				E240F01E29E7AA49007FC96C /* StudySwiftTests.xctest */,
				E240F02829E7AA49007FC96C /* StudySwiftUITests.xctest */,
			);
			name = Products;
			sourceTree = "<group>";
		};
		E240F00F29E7AA47007FC96C /* StudySwift */ = {
			isa = PBXGroup;
			children = (
				F5184E632A0D1E97007008CA /* Data Models */,
				E240F01029E7AA47007FC96C /* StudySwiftApp.swift */,
				E240F01229E7AA47007FC96C /* ContentView.swift */,
				E20759F02A004CC200B66FD5 /* Landing Screen */,
				E20759FA2A0051EB00B66FD5 /* Customized Views */,
				E2B26F9E29F84F5200B7D984 /* UserAuthorization */,
				E240F01429E7AA49007FC96C /* Assets.xcassets */,
				E240F01629E7AA49007FC96C /* StudySwift.entitlements */,
				E240F01729E7AA49007FC96C /* Preview Content */,
			);
			path = StudySwift;
			sourceTree = "<group>";
		};
		E240F01729E7AA49007FC96C /* Preview Content */ = {
			isa = PBXGroup;
			children = (
				E240F01829E7AA49007FC96C /* Preview Assets.xcassets */,
			);
			path = "Preview Content";
			sourceTree = "<group>";
		};
		E240F02129E7AA49007FC96C /* StudySwiftTests */ = {
			isa = PBXGroup;
			children = (
				E240F02229E7AA49007FC96C /* StudySwiftTests.swift */,
			);
			path = StudySwiftTests;
			sourceTree = "<group>";
		};
		E240F02B29E7AA49007FC96C /* StudySwiftUITests */ = {
			isa = PBXGroup;
			children = (
				E240F02C29E7AA49007FC96C /* StudySwiftUITests.swift */,
				E240F02E29E7AA49007FC96C /* StudySwiftUITestsLaunchTests.swift */,
			);
			path = StudySwiftUITests;
			sourceTree = "<group>";
		};
		E29D202D29FDED3000E67F2C /* Login Screen */ = {
			isa = PBXGroup;
			children = (
				E29D202729FDB92000E67F2C /* LoginScreenView.swift */,
				E29D202B29FDBB6400E67F2C /* LoginScreenViewModel.swift */,
			);
			path = "Login Screen";
			sourceTree = "<group>";
		};
		E29D202E29FDED3F00E67F2C /* Signup Screen */ = {
			isa = PBXGroup;
			children = (
				E2B26F9A29F84EE700B7D984 /* SignupScreenView.swift */,
				E2B26F9C29F84EF300B7D984 /* SignupScreenViewModel.swift */,
			);
			path = "Signup Screen";
			sourceTree = "<group>";
		};
		E29D203329FDEF0300E67F2C /* Reset Password Screen */ = {
			isa = PBXGroup;
			children = (
				E29D202F29FDED5700E67F2C /* ResetPasswordScreenView.swift */,
				E29D203129FDED8400E67F2C /* ResetPasswordScreenViewModel.swift */,
			);
			path = "Reset Password Screen";
			sourceTree = "<group>";
		};
		E2B26F9E29F84F5200B7D984 /* UserAuthorization */ = {
			isa = PBXGroup;
			children = (
				E29D202E29FDED3F00E67F2C /* Signup Screen */,
				E29D202D29FDED3000E67F2C /* Login Screen */,
				E29D203329FDEF0300E67F2C /* Reset Password Screen */,
			);
			path = UserAuthorization;
			sourceTree = "<group>";
		};
		F5184E632A0D1E97007008CA /* Data Models */ = {
			isa = PBXGroup;
			children = (
				F5CFFB242A0857F200929542 /* AuthViewModel.swift */,
				F5184E642A0D1EB5007008CA /* DataStoreModel.swift */,
			);
			path = "Data Models";
			sourceTree = "<group>";
		};
		E2FBEAEC2A0F2B5100C9AE88 /* AddFlashcardScreen */ = {
			isa = PBXGroup;
			children = (
				E2FBEAE82A0F23C300C9AE88 /* AddFlashcardScreenView.swift */,
				E2FBEAEA2A0F240000C9AE88 /* AddFlashcardViewModel.swift */,
			);
			path = AddFlashcardScreen;
			sourceTree = "<group>";
		};
		E2FBEAF12A0F326A00C9AE88 /* Flashcard Screen */ = {
			isa = PBXGroup;
			children = (
				E2FBEAED2A0F2B8100C9AE88 /* FlashcardScreenView.swift */,
				E2FBEAEF2A0F2C1500C9AE88 /* FlashcardScreenViewModel.swift */,
			);
			path = "Flashcard Screen";
			sourceTree = "<group>";
		};
/* End PBXGroup section */

/* Begin PBXNativeTarget section */
		E240F00C29E7AA47007FC96C /* StudySwift */ = {
			isa = PBXNativeTarget;
			buildConfigurationList = E240F03229E7AA49007FC96C /* Build configuration list for PBXNativeTarget "StudySwift" */;
			buildPhases = (
				E240F00929E7AA47007FC96C /* Sources */,
				E240F00A29E7AA47007FC96C /* Frameworks */,
				E240F00B29E7AA47007FC96C /* Resources */,
			);
			buildRules = (
			);
			dependencies = (
			);
			name = StudySwift;
			packageProductDependencies = (
				F5CFFB1E2A08469900929542 /* FirebaseAuth */,
				F5CFFB202A08469900929542 /* FirebaseFirestore */,
				F5CFFB222A08469900929542 /* FirebaseFunctions */,
			);
			productName = StudySwift;
			productReference = E240F00D29E7AA47007FC96C /* StudySwift.app */;
			productType = "com.apple.product-type.application";
		};
		E240F01D29E7AA49007FC96C /* StudySwiftTests */ = {
			isa = PBXNativeTarget;
			buildConfigurationList = E240F03529E7AA49007FC96C /* Build configuration list for PBXNativeTarget "StudySwiftTests" */;
			buildPhases = (
				E240F01A29E7AA49007FC96C /* Sources */,
				E240F01B29E7AA49007FC96C /* Frameworks */,
				E240F01C29E7AA49007FC96C /* Resources */,
			);
			buildRules = (
			);
			dependencies = (
				E240F02029E7AA49007FC96C /* PBXTargetDependency */,
			);
			name = StudySwiftTests;
			productName = StudySwiftTests;
			productReference = E240F01E29E7AA49007FC96C /* StudySwiftTests.xctest */;
			productType = "com.apple.product-type.bundle.unit-test";
		};
		E240F02729E7AA49007FC96C /* StudySwiftUITests */ = {
			isa = PBXNativeTarget;
			buildConfigurationList = E240F03829E7AA49007FC96C /* Build configuration list for PBXNativeTarget "StudySwiftUITests" */;
			buildPhases = (
				E240F02429E7AA49007FC96C /* Sources */,
				E240F02529E7AA49007FC96C /* Frameworks */,
				E240F02629E7AA49007FC96C /* Resources */,
			);
			buildRules = (
			);
			dependencies = (
				E240F02A29E7AA49007FC96C /* PBXTargetDependency */,
			);
			name = StudySwiftUITests;
			productName = StudySwiftUITests;
			productReference = E240F02829E7AA49007FC96C /* StudySwiftUITests.xctest */;
			productType = "com.apple.product-type.bundle.ui-testing";
		};
/* End PBXNativeTarget section */

/* Begin PBXProject section */
		E240F00529E7AA47007FC96C /* Project object */ = {
			isa = PBXProject;
			attributes = {
				BuildIndependentTargetsInParallel = 1;
				LastSwiftUpdateCheck = 1430;
				LastUpgradeCheck = 1430;
				TargetAttributes = {
					E240F00C29E7AA47007FC96C = {
						CreatedOnToolsVersion = 14.3;
					};
					E240F01D29E7AA49007FC96C = {
						CreatedOnToolsVersion = 14.3;
						TestTargetID = E240F00C29E7AA47007FC96C;
					};
					E240F02729E7AA49007FC96C = {
						CreatedOnToolsVersion = 14.3;
						TestTargetID = E240F00C29E7AA47007FC96C;
					};
				};
			};
			buildConfigurationList = E240F00829E7AA47007FC96C /* Build configuration list for PBXProject "StudySwift" */;
			compatibilityVersion = "Xcode 14.0";
			developmentRegion = en;
			hasScannedForEncodings = 0;
			knownRegions = (
				en,
				Base,
			);
			mainGroup = E240F00429E7AA47007FC96C;
			packageReferences = (
				F5CFFB1D2A08469900929542 /* XCRemoteSwiftPackageReference "firebase-ios-sdk" */,
			);
			productRefGroup = E240F00E29E7AA47007FC96C /* Products */;
			projectDirPath = "";
			projectRoot = "";
			targets = (
				E240F00C29E7AA47007FC96C /* StudySwift */,
				E240F01D29E7AA49007FC96C /* StudySwiftTests */,
				E240F02729E7AA49007FC96C /* StudySwiftUITests */,
			);
		};
/* End PBXProject section */

/* Begin PBXResourcesBuildPhase section */
		E240F00B29E7AA47007FC96C /* Resources */ = {
			isa = PBXResourcesBuildPhase;
			buildActionMask = 2147483647;
			files = (
				E240F01929E7AA49007FC96C /* Preview Assets.xcassets in Resources */,
				E240F01529E7AA49007FC96C /* Assets.xcassets in Resources */,
				F5CFFB1A2A0841C400929542 /* GoogleService-Info.plist in Resources */,
			);
			runOnlyForDeploymentPostprocessing = 0;
		};
		E240F01C29E7AA49007FC96C /* Resources */ = {
			isa = PBXResourcesBuildPhase;
			buildActionMask = 2147483647;
			files = (
				F5CFFB1B2A0841C400929542 /* GoogleService-Info.plist in Resources */,
			);
			runOnlyForDeploymentPostprocessing = 0;
		};
		E240F02629E7AA49007FC96C /* Resources */ = {
			isa = PBXResourcesBuildPhase;
			buildActionMask = 2147483647;
			files = (
				F5CFFB1C2A0841C400929542 /* GoogleService-Info.plist in Resources */,
			);
			runOnlyForDeploymentPostprocessing = 0;
		};
/* End PBXResourcesBuildPhase section */

/* Begin PBXSourcesBuildPhase section */
		E240F00929E7AA47007FC96C /* Sources */ = {
			isa = PBXSourcesBuildPhase;
			buildActionMask = 2147483647;
			files = (
				E29D202829FDB92000E67F2C /* LoginScreenView.swift in Sources */,
				E20759EE2A004CB300B66FD5 /* LandingScreenViewModel.swift in Sources */,
				E2B26F9D29F84EF300B7D984 /* SignupScreenViewModel.swift in Sources */,
				E20759F92A0051DA00B66FD5 /* RoundedButtonView.swift in Sources */,
				E20759EA2A004C7C00B66FD5 /* ProfileScreenViewModel.swift in Sources */,
				E29D202C29FDBB6400E67F2C /* LoginScreenViewModel.swift in Sources */,
				E2FBEAEE2A0F2B8100C9AE88 /* FlashcardScreenView.swift in Sources */,
				E20759F42A004FED00B66FD5 /* HomeScreenView.swift in Sources */,
				E29D203229FDED8400E67F2C /* ResetPasswordScreenViewModel.swift in Sources */,
				E2B26F9B29F84EE700B7D984 /* SignupScreenView.swift in Sources */,
				E2FBEAE92A0F23C300C9AE88 /* AddFlashcardScreenView.swift in Sources */,
				E240F01329E7AA47007FC96C /* ContentView.swift in Sources */,
				E20759EC2A004CA100B66FD5 /* LandingScreenView.swift in Sources */,
				E20759F22A004FDE00B66FD5 /* HomeScreenViewModel.swift in Sources */,
				F5CFFB252A0857F200929542 /* AuthViewModel.swift in Sources */,
				E29D203029FDED5700E67F2C /* ResetPasswordScreenView.swift in Sources */,
				F5184E652A0D1EB5007008CA /* DataStoreModel.swift in Sources */,
				E20759E62A004C5600B66FD5 /* ProfileScreenView.swift in Sources */,
				E240F01129E7AA47007FC96C /* StudySwiftApp.swift in Sources */,
				E2FBEAF02A0F2C1500C9AE88 /* FlashcardScreenViewModel.swift in Sources */,
				E2FBEAE72A0F22F100C9AE88 /* FlashcardCardView.swift in Sources */,
				E2FBEAEB2A0F240000C9AE88 /* AddFlashcardViewModel.swift in Sources */,
			);
			runOnlyForDeploymentPostprocessing = 0;
		};
		E240F01A29E7AA49007FC96C /* Sources */ = {
			isa = PBXSourcesBuildPhase;
			buildActionMask = 2147483647;
			files = (
				F5CFFB262A0857F200929542 /* AuthViewModel.swift in Sources */,
				E240F02329E7AA49007FC96C /* StudySwiftTests.swift in Sources */,
			);
			runOnlyForDeploymentPostprocessing = 0;
		};
		E240F02429E7AA49007FC96C /* Sources */ = {
			isa = PBXSourcesBuildPhase;
			buildActionMask = 2147483647;
			files = (
				E240F02F29E7AA49007FC96C /* StudySwiftUITestsLaunchTests.swift in Sources */,
				E240F02D29E7AA49007FC96C /* StudySwiftUITests.swift in Sources */,
				F5CFFB272A0857F200929542 /* AuthViewModel.swift in Sources */,
			);
			runOnlyForDeploymentPostprocessing = 0;
		};
/* End PBXSourcesBuildPhase section */

/* Begin PBXTargetDependency section */
		E240F02029E7AA49007FC96C /* PBXTargetDependency */ = {
			isa = PBXTargetDependency;
			target = E240F00C29E7AA47007FC96C /* StudySwift */;
			targetProxy = E240F01F29E7AA49007FC96C /* PBXContainerItemProxy */;
		};
		E240F02A29E7AA49007FC96C /* PBXTargetDependency */ = {
			isa = PBXTargetDependency;
			target = E240F00C29E7AA47007FC96C /* StudySwift */;
			targetProxy = E240F02929E7AA49007FC96C /* PBXContainerItemProxy */;
		};
/* End PBXTargetDependency section */

/* Begin XCBuildConfiguration section */
		E240F03029E7AA49007FC96C /* Debug */ = {
			isa = XCBuildConfiguration;
			buildSettings = {
				ALWAYS_SEARCH_USER_PATHS = NO;
				CLANG_ANALYZER_NONNULL = YES;
				CLANG_ANALYZER_NUMBER_OBJECT_CONVERSION = YES_AGGRESSIVE;
				CLANG_CXX_LANGUAGE_STANDARD = "gnu++20";
				CLANG_ENABLE_MODULES = YES;
				CLANG_ENABLE_OBJC_ARC = YES;
				CLANG_ENABLE_OBJC_WEAK = YES;
				CLANG_WARN_BLOCK_CAPTURE_AUTORELEASING = YES;
				CLANG_WARN_BOOL_CONVERSION = YES;
				CLANG_WARN_COMMA = YES;
				CLANG_WARN_CONSTANT_CONVERSION = YES;
				CLANG_WARN_DEPRECATED_OBJC_IMPLEMENTATIONS = YES;
				CLANG_WARN_DIRECT_OBJC_ISA_USAGE = YES_ERROR;
				CLANG_WARN_DOCUMENTATION_COMMENTS = YES;
				CLANG_WARN_EMPTY_BODY = YES;
				CLANG_WARN_ENUM_CONVERSION = YES;
				CLANG_WARN_INFINITE_RECURSION = YES;
				CLANG_WARN_INT_CONVERSION = YES;
				CLANG_WARN_NON_LITERAL_NULL_CONVERSION = YES;
				CLANG_WARN_OBJC_IMPLICIT_RETAIN_SELF = YES;
				CLANG_WARN_OBJC_LITERAL_CONVERSION = YES;
				CLANG_WARN_OBJC_ROOT_CLASS = YES_ERROR;
				CLANG_WARN_QUOTED_INCLUDE_IN_FRAMEWORK_HEADER = YES;
				CLANG_WARN_RANGE_LOOP_ANALYSIS = YES;
				CLANG_WARN_STRICT_PROTOTYPES = YES;
				CLANG_WARN_SUSPICIOUS_MOVE = YES;
				CLANG_WARN_UNGUARDED_AVAILABILITY = YES_AGGRESSIVE;
				CLANG_WARN_UNREACHABLE_CODE = YES;
				CLANG_WARN__DUPLICATE_METHOD_MATCH = YES;
				COPY_PHASE_STRIP = NO;
				DEBUG_INFORMATION_FORMAT = dwarf;
				ENABLE_STRICT_OBJC_MSGSEND = YES;
				ENABLE_TESTABILITY = YES;
				GCC_C_LANGUAGE_STANDARD = gnu11;
				GCC_DYNAMIC_NO_PIC = NO;
				GCC_NO_COMMON_BLOCKS = YES;
				GCC_OPTIMIZATION_LEVEL = 0;
				GCC_PREPROCESSOR_DEFINITIONS = (
					"DEBUG=1",
					"$(inherited)",
				);
				GCC_WARN_64_TO_32_BIT_CONVERSION = YES;
				GCC_WARN_ABOUT_RETURN_TYPE = YES_ERROR;
				GCC_WARN_UNDECLARED_SELECTOR = YES;
				GCC_WARN_UNINITIALIZED_AUTOS = YES_AGGRESSIVE;
				GCC_WARN_UNUSED_FUNCTION = YES;
				GCC_WARN_UNUSED_VARIABLE = YES;
				MTL_ENABLE_DEBUG_INFO = INCLUDE_SOURCE;
				MTL_FAST_MATH = YES;
				ONLY_ACTIVE_ARCH = YES;
				SWIFT_ACTIVE_COMPILATION_CONDITIONS = DEBUG;
				SWIFT_OPTIMIZATION_LEVEL = "-Onone";
			};
			name = Debug;
		};
		E240F03129E7AA49007FC96C /* Release */ = {
			isa = XCBuildConfiguration;
			buildSettings = {
				ALWAYS_SEARCH_USER_PATHS = NO;
				CLANG_ANALYZER_NONNULL = YES;
				CLANG_ANALYZER_NUMBER_OBJECT_CONVERSION = YES_AGGRESSIVE;
				CLANG_CXX_LANGUAGE_STANDARD = "gnu++20";
				CLANG_ENABLE_MODULES = YES;
				CLANG_ENABLE_OBJC_ARC = YES;
				CLANG_ENABLE_OBJC_WEAK = YES;
				CLANG_WARN_BLOCK_CAPTURE_AUTORELEASING = YES;
				CLANG_WARN_BOOL_CONVERSION = YES;
				CLANG_WARN_COMMA = YES;
				CLANG_WARN_CONSTANT_CONVERSION = YES;
				CLANG_WARN_DEPRECATED_OBJC_IMPLEMENTATIONS = YES;
				CLANG_WARN_DIRECT_OBJC_ISA_USAGE = YES_ERROR;
				CLANG_WARN_DOCUMENTATION_COMMENTS = YES;
				CLANG_WARN_EMPTY_BODY = YES;
				CLANG_WARN_ENUM_CONVERSION = YES;
				CLANG_WARN_INFINITE_RECURSION = YES;
				CLANG_WARN_INT_CONVERSION = YES;
				CLANG_WARN_NON_LITERAL_NULL_CONVERSION = YES;
				CLANG_WARN_OBJC_IMPLICIT_RETAIN_SELF = YES;
				CLANG_WARN_OBJC_LITERAL_CONVERSION = YES;
				CLANG_WARN_OBJC_ROOT_CLASS = YES_ERROR;
				CLANG_WARN_QUOTED_INCLUDE_IN_FRAMEWORK_HEADER = YES;
				CLANG_WARN_RANGE_LOOP_ANALYSIS = YES;
				CLANG_WARN_STRICT_PROTOTYPES = YES;
				CLANG_WARN_SUSPICIOUS_MOVE = YES;
				CLANG_WARN_UNGUARDED_AVAILABILITY = YES_AGGRESSIVE;
				CLANG_WARN_UNREACHABLE_CODE = YES;
				CLANG_WARN__DUPLICATE_METHOD_MATCH = YES;
				COPY_PHASE_STRIP = NO;
				DEBUG_INFORMATION_FORMAT = "dwarf-with-dsym";
				ENABLE_NS_ASSERTIONS = NO;
				ENABLE_STRICT_OBJC_MSGSEND = YES;
				GCC_C_LANGUAGE_STANDARD = gnu11;
				GCC_NO_COMMON_BLOCKS = YES;
				GCC_WARN_64_TO_32_BIT_CONVERSION = YES;
				GCC_WARN_ABOUT_RETURN_TYPE = YES_ERROR;
				GCC_WARN_UNDECLARED_SELECTOR = YES;
				GCC_WARN_UNINITIALIZED_AUTOS = YES_AGGRESSIVE;
				GCC_WARN_UNUSED_FUNCTION = YES;
				GCC_WARN_UNUSED_VARIABLE = YES;
				MTL_ENABLE_DEBUG_INFO = NO;
				MTL_FAST_MATH = YES;
				SWIFT_COMPILATION_MODE = wholemodule;
				SWIFT_OPTIMIZATION_LEVEL = "-O";
			};
			name = Release;
		};
		E240F03329E7AA49007FC96C /* Debug */ = {
			isa = XCBuildConfiguration;
			buildSettings = {
				ASSETCATALOG_COMPILER_APPICON_NAME = AppIcon;
				ASSETCATALOG_COMPILER_GLOBAL_ACCENT_COLOR_NAME = AccentColor;
				CODE_SIGN_ENTITLEMENTS = StudySwift/StudySwift.entitlements;
				CODE_SIGN_STYLE = Automatic;
				CURRENT_PROJECT_VERSION = 1;
				DEVELOPMENT_ASSET_PATHS = "\"StudySwift/Preview Content\"";
				DEVELOPMENT_TEAM = "";
				ENABLE_HARDENED_RUNTIME = YES;
				ENABLE_PREVIEWS = YES;
				GENERATE_INFOPLIST_FILE = YES;
				"INFOPLIST_KEY_UIApplicationSceneManifest_Generation[sdk=iphoneos*]" = YES;
				"INFOPLIST_KEY_UIApplicationSceneManifest_Generation[sdk=iphonesimulator*]" = YES;
				"INFOPLIST_KEY_UIApplicationSupportsIndirectInputEvents[sdk=iphoneos*]" = YES;
				"INFOPLIST_KEY_UIApplicationSupportsIndirectInputEvents[sdk=iphonesimulator*]" = YES;
				"INFOPLIST_KEY_UILaunchScreen_Generation[sdk=iphoneos*]" = YES;
				"INFOPLIST_KEY_UILaunchScreen_Generation[sdk=iphonesimulator*]" = YES;
				"INFOPLIST_KEY_UIStatusBarStyle[sdk=iphoneos*]" = UIStatusBarStyleDefault;
				"INFOPLIST_KEY_UIStatusBarStyle[sdk=iphonesimulator*]" = UIStatusBarStyleDefault;
				INFOPLIST_KEY_UISupportedInterfaceOrientations_iPad = "UIInterfaceOrientationPortrait UIInterfaceOrientationPortraitUpsideDown UIInterfaceOrientationLandscapeLeft UIInterfaceOrientationLandscapeRight";
				INFOPLIST_KEY_UISupportedInterfaceOrientations_iPhone = "UIInterfaceOrientationPortrait UIInterfaceOrientationLandscapeLeft UIInterfaceOrientationLandscapeRight";
				IPHONEOS_DEPLOYMENT_TARGET = 16.4;
				LD_RUNPATH_SEARCH_PATHS = "@executable_path/Frameworks";
				"LD_RUNPATH_SEARCH_PATHS[sdk=macosx*]" = "@executable_path/../Frameworks";
				MACOSX_DEPLOYMENT_TARGET = 13.3;
				MARKETING_VERSION = 1.0;
				PRODUCT_BUNDLE_IDENTIFIER = com.myatthuko.StudySwift;
				PRODUCT_NAME = "$(TARGET_NAME)";
				SDKROOT = auto;
				SUPPORTED_PLATFORMS = "iphoneos iphonesimulator macosx";
				SWIFT_EMIT_LOC_STRINGS = YES;
				SWIFT_VERSION = 5.0;
				TARGETED_DEVICE_FAMILY = "1,2";
			};
			name = Debug;
		};
		E240F03429E7AA49007FC96C /* Release */ = {
			isa = XCBuildConfiguration;
			buildSettings = {
				ASSETCATALOG_COMPILER_APPICON_NAME = AppIcon;
				ASSETCATALOG_COMPILER_GLOBAL_ACCENT_COLOR_NAME = AccentColor;
				CODE_SIGN_ENTITLEMENTS = StudySwift/StudySwift.entitlements;
				CODE_SIGN_STYLE = Automatic;
				CURRENT_PROJECT_VERSION = 1;
				DEVELOPMENT_ASSET_PATHS = "\"StudySwift/Preview Content\"";
				DEVELOPMENT_TEAM = "";
				ENABLE_HARDENED_RUNTIME = YES;
				ENABLE_PREVIEWS = YES;
				GENERATE_INFOPLIST_FILE = YES;
				"INFOPLIST_KEY_UIApplicationSceneManifest_Generation[sdk=iphoneos*]" = YES;
				"INFOPLIST_KEY_UIApplicationSceneManifest_Generation[sdk=iphonesimulator*]" = YES;
				"INFOPLIST_KEY_UIApplicationSupportsIndirectInputEvents[sdk=iphoneos*]" = YES;
				"INFOPLIST_KEY_UIApplicationSupportsIndirectInputEvents[sdk=iphonesimulator*]" = YES;
				"INFOPLIST_KEY_UILaunchScreen_Generation[sdk=iphoneos*]" = YES;
				"INFOPLIST_KEY_UILaunchScreen_Generation[sdk=iphonesimulator*]" = YES;
				"INFOPLIST_KEY_UIStatusBarStyle[sdk=iphoneos*]" = UIStatusBarStyleDefault;
				"INFOPLIST_KEY_UIStatusBarStyle[sdk=iphonesimulator*]" = UIStatusBarStyleDefault;
				INFOPLIST_KEY_UISupportedInterfaceOrientations_iPad = "UIInterfaceOrientationPortrait UIInterfaceOrientationPortraitUpsideDown UIInterfaceOrientationLandscapeLeft UIInterfaceOrientationLandscapeRight";
				INFOPLIST_KEY_UISupportedInterfaceOrientations_iPhone = "UIInterfaceOrientationPortrait UIInterfaceOrientationLandscapeLeft UIInterfaceOrientationLandscapeRight";
				IPHONEOS_DEPLOYMENT_TARGET = 16.4;
				LD_RUNPATH_SEARCH_PATHS = "@executable_path/Frameworks";
				"LD_RUNPATH_SEARCH_PATHS[sdk=macosx*]" = "@executable_path/../Frameworks";
				MACOSX_DEPLOYMENT_TARGET = 13.3;
				MARKETING_VERSION = 1.0;
				PRODUCT_BUNDLE_IDENTIFIER = com.myatthuko.StudySwift;
				PRODUCT_NAME = "$(TARGET_NAME)";
				SDKROOT = auto;
				SUPPORTED_PLATFORMS = "iphoneos iphonesimulator macosx";
				SWIFT_EMIT_LOC_STRINGS = YES;
				SWIFT_VERSION = 5.0;
				TARGETED_DEVICE_FAMILY = "1,2";
			};
			name = Release;
		};
		E240F03629E7AA49007FC96C /* Debug */ = {
			isa = XCBuildConfiguration;
			buildSettings = {
				ALWAYS_EMBED_SWIFT_STANDARD_LIBRARIES = YES;
				BUNDLE_LOADER = "$(TEST_HOST)";
				CODE_SIGN_STYLE = Automatic;
				CURRENT_PROJECT_VERSION = 1;
				DEVELOPMENT_TEAM = WJC52U7SSP;
				GENERATE_INFOPLIST_FILE = YES;
				IPHONEOS_DEPLOYMENT_TARGET = 16.4;
				MACOSX_DEPLOYMENT_TARGET = 13.3;
				MARKETING_VERSION = 1.0;
				PRODUCT_BUNDLE_IDENTIFIER = com.myatthuko.StudySwiftTests;
				PRODUCT_NAME = "$(TARGET_NAME)";
				SDKROOT = auto;
				SUPPORTED_PLATFORMS = "iphoneos iphonesimulator macosx";
				SWIFT_EMIT_LOC_STRINGS = NO;
				SWIFT_VERSION = 5.0;
				TARGETED_DEVICE_FAMILY = "1,2";
				TEST_HOST = "$(BUILT_PRODUCTS_DIR)/StudySwift.app/$(BUNDLE_EXECUTABLE_FOLDER_PATH)/StudySwift";
			};
			name = Debug;
		};
		E240F03729E7AA49007FC96C /* Release */ = {
			isa = XCBuildConfiguration;
			buildSettings = {
				ALWAYS_EMBED_SWIFT_STANDARD_LIBRARIES = YES;
				BUNDLE_LOADER = "$(TEST_HOST)";
				CODE_SIGN_STYLE = Automatic;
				CURRENT_PROJECT_VERSION = 1;
				DEVELOPMENT_TEAM = WJC52U7SSP;
				GENERATE_INFOPLIST_FILE = YES;
				IPHONEOS_DEPLOYMENT_TARGET = 16.4;
				MACOSX_DEPLOYMENT_TARGET = 13.3;
				MARKETING_VERSION = 1.0;
				PRODUCT_BUNDLE_IDENTIFIER = com.myatthuko.StudySwiftTests;
				PRODUCT_NAME = "$(TARGET_NAME)";
				SDKROOT = auto;
				SUPPORTED_PLATFORMS = "iphoneos iphonesimulator macosx";
				SWIFT_EMIT_LOC_STRINGS = NO;
				SWIFT_VERSION = 5.0;
				TARGETED_DEVICE_FAMILY = "1,2";
				TEST_HOST = "$(BUILT_PRODUCTS_DIR)/StudySwift.app/$(BUNDLE_EXECUTABLE_FOLDER_PATH)/StudySwift";
			};
			name = Release;
		};
		E240F03929E7AA49007FC96C /* Debug */ = {
			isa = XCBuildConfiguration;
			buildSettings = {
				ALWAYS_EMBED_SWIFT_STANDARD_LIBRARIES = YES;
				CODE_SIGN_STYLE = Automatic;
				CURRENT_PROJECT_VERSION = 1;
				DEVELOPMENT_TEAM = WJC52U7SSP;
				GENERATE_INFOPLIST_FILE = YES;
				IPHONEOS_DEPLOYMENT_TARGET = 16.4;
				MACOSX_DEPLOYMENT_TARGET = 13.3;
				MARKETING_VERSION = 1.0;
				PRODUCT_BUNDLE_IDENTIFIER = com.myatthuko.StudySwiftUITests;
				PRODUCT_NAME = "$(TARGET_NAME)";
				SDKROOT = auto;
				SUPPORTED_PLATFORMS = "iphoneos iphonesimulator macosx";
				SWIFT_EMIT_LOC_STRINGS = NO;
				SWIFT_VERSION = 5.0;
				TARGETED_DEVICE_FAMILY = "1,2";
				TEST_TARGET_NAME = StudySwift;
			};
			name = Debug;
		};
		E240F03A29E7AA49007FC96C /* Release */ = {
			isa = XCBuildConfiguration;
			buildSettings = {
				ALWAYS_EMBED_SWIFT_STANDARD_LIBRARIES = YES;
				CODE_SIGN_STYLE = Automatic;
				CURRENT_PROJECT_VERSION = 1;
				DEVELOPMENT_TEAM = WJC52U7SSP;
				GENERATE_INFOPLIST_FILE = YES;
				IPHONEOS_DEPLOYMENT_TARGET = 16.4;
				MACOSX_DEPLOYMENT_TARGET = 13.3;
				MARKETING_VERSION = 1.0;
				PRODUCT_BUNDLE_IDENTIFIER = com.myatthuko.StudySwiftUITests;
				PRODUCT_NAME = "$(TARGET_NAME)";
				SDKROOT = auto;
				SUPPORTED_PLATFORMS = "iphoneos iphonesimulator macosx";
				SWIFT_EMIT_LOC_STRINGS = NO;
				SWIFT_VERSION = 5.0;
				TARGETED_DEVICE_FAMILY = "1,2";
				TEST_TARGET_NAME = StudySwift;
			};
			name = Release;
		};
/* End XCBuildConfiguration section */

/* Begin XCConfigurationList section */
		E240F00829E7AA47007FC96C /* Build configuration list for PBXProject "StudySwift" */ = {
			isa = XCConfigurationList;
			buildConfigurations = (
				E240F03029E7AA49007FC96C /* Debug */,
				E240F03129E7AA49007FC96C /* Release */,
			);
			defaultConfigurationIsVisible = 0;
			defaultConfigurationName = Release;
		};
		E240F03229E7AA49007FC96C /* Build configuration list for PBXNativeTarget "StudySwift" */ = {
			isa = XCConfigurationList;
			buildConfigurations = (
				E240F03329E7AA49007FC96C /* Debug */,
				E240F03429E7AA49007FC96C /* Release */,
			);
			defaultConfigurationIsVisible = 0;
			defaultConfigurationName = Release;
		};
		E240F03529E7AA49007FC96C /* Build configuration list for PBXNativeTarget "StudySwiftTests" */ = {
			isa = XCConfigurationList;
			buildConfigurations = (
				E240F03629E7AA49007FC96C /* Debug */,
				E240F03729E7AA49007FC96C /* Release */,
			);
			defaultConfigurationIsVisible = 0;
			defaultConfigurationName = Release;
		};
		E240F03829E7AA49007FC96C /* Build configuration list for PBXNativeTarget "StudySwiftUITests" */ = {
			isa = XCConfigurationList;
			buildConfigurations = (
				E240F03929E7AA49007FC96C /* Debug */,
				E240F03A29E7AA49007FC96C /* Release */,
			);
			defaultConfigurationIsVisible = 0;
			defaultConfigurationName = Release;
		};
/* End XCConfigurationList section */

/* Begin XCRemoteSwiftPackageReference section */
		F5CFFB1D2A08469900929542 /* XCRemoteSwiftPackageReference "firebase-ios-sdk" */ = {
			isa = XCRemoteSwiftPackageReference;
			repositoryURL = "https://github.com/firebase/firebase-ios-sdk";
			requirement = {
				kind = upToNextMajorVersion;
				minimumVersion = 10.0.0;
			};
		};
/* End XCRemoteSwiftPackageReference section */

/* Begin XCSwiftPackageProductDependency section */
		F5CFFB1E2A08469900929542 /* FirebaseAuth */ = {
			isa = XCSwiftPackageProductDependency;
			package = F5CFFB1D2A08469900929542 /* XCRemoteSwiftPackageReference "firebase-ios-sdk" */;
			productName = FirebaseAuth;
		};
		F5CFFB202A08469900929542 /* FirebaseFirestore */ = {
			isa = XCSwiftPackageProductDependency;
			package = F5CFFB1D2A08469900929542 /* XCRemoteSwiftPackageReference "firebase-ios-sdk" */;
			productName = FirebaseFirestore;
		};
		F5CFFB222A08469900929542 /* FirebaseFunctions */ = {
			isa = XCSwiftPackageProductDependency;
			package = F5CFFB1D2A08469900929542 /* XCRemoteSwiftPackageReference "firebase-ios-sdk" */;
			productName = FirebaseFunctions;
		};
/* End XCSwiftPackageProductDependency section */
	};
	rootObject = E240F00529E7AA47007FC96C /* Project object */;
}
